{
  "name": "lachrist.github.io",
  "version": "0.0.0",
  "lockfileVersion": 3,
  "requires": true,
  "packages": {
    "": {
      "name": "lachrist.github.io",
      "version": "0.0.0",
      "license": "MIT",
      "devDependencies": {
        "acorn": "^8.12.1",
        "aran": "^2.5.1",
        "astring": "^1.8.6"
      }
    },
    "node_modules/acorn": {
      "version": "8.12.1",
      "resolved": "https://registry.npmjs.org/acorn/-/acorn-8.12.1.tgz",
      "integrity": "sha512-tcpGyI9zbizT9JbV6oYE477V6mTlXvvi0T0G3SNIYE2apm/G5huBa1+K89VGeovbg+jycCrfhl3ADxErOuO6Jg==",
      "dev": true,
      "license": "MIT",
      "bin": {
        "acorn": "bin/acorn"
      },
      "engines": {
        "node": ">=0.4.0"
      }
    },
    "node_modules/aran": {
      "version": "2.5.1",
      "resolved": "https://registry.npmjs.org/aran/-/aran-2.5.1.tgz",
      "integrity": "sha512-8gKrdcH+F1ntimC3XIcNmLXrcb01eZGsDbl6+AfWBmhGxPmO6WspvWUY37cfcJ6TqB+8KJp8hxofH64SSDOugg==",
      "dev": true,
      "license": "MIT",
      "dependencies": {
        "array-lite": "0.1.0"
      }
    },
    "node_modules/array-lite": {
      "version": "0.1.0",
      "resolved": "https://registry.npmjs.org/array-lite/-/array-lite-0.1.0.tgz",
      "integrity": "sha512-UX1Bfy+ztC0z42risU0MdQqjA6jBo+Gi3G7N2DwZVExisXNNK7zfZz6TJnJNira5JNvhV9H2PV1aLLuDqKTIgA==",
      "dev": true,
      "license": "MIT"
    },
    "node_modules/astring": {
      "version": "1.8.6",
      "resolved": "https://registry.npmjs.org/astring/-/astring-1.8.6.tgz",
      "integrity": "sha512-ISvCdHdlTDlH5IpxQJIex7BWBywFWgjJSVdwst+/iQCoEYnyOaQ95+X1JGshuBjGp6nxKUy1jMgE3zPqN7fQdg==",
      "dev": true,
      "license": "MIT",
      "bin": {
        "astring": "bin/astring"
      }
    }
  }
}
